
Microsoft Visual Studio Solution File, Format Version 12.00
# Visual Studio Version 16
VisualStudioVersion = 16.0.31729.503
MinimumVisualStudioVersion = 10.0.40219.1
Project("{FAE04EC0-301F-11D3-BF4B-00C04F79EFBC}") = "EleveDll", "EleveDll.csproj", "{B2CC4759-3B16-4B23-BC79-E058C9F7B920}"
EndProject
Global
	GlobalSection(SolutionConfigurationPlatforms) = preSolution
		Debug|Any CPU = Debug|Any CPU
		Release|Any CPU = Release|Any CPU
	EndGlobalSection
	GlobalSection(ProjectConfigurationPlatforms) = postSolution
		{B2CC4759-3B16-4B23-BC79-E058C9F7B920}.Debug|Any CPU.ActiveCfg = Debug|Any CPU
		{B2CC4759-3B16-4B23-BC79-E058C9F7B920}.Debug|Any CPU.Build.0 = Debug|Any CPU
		{B2CC4759-3B16-4B23-BC79-E058C9F7B920}.Release|Any CPU.ActiveCfg = Release|Any CPU
		{B2CC4759-3B16-4B23-BC79-E058C9F7B920}.Release|Any CPU.Build.0 = Release|Any CPU
	EndGlobalSection
	GlobalSection(SolutionProperties) = preSolution
		HideSolutionNode = FALSE
	EndGlobalSection
	GlobalSection(ExtensibilityGlobals) = postSolution
		SolutionGuid = {822BF861-3E5C-49E5-A185-4FAC163DC886}
	EndGlobalSection
EndGlobal
